// !$*UTF8*$!
{
	archiveVersion = 1;
	classes = {
	};
	objectVersion = 55;
	objects = {

/* Begin PBXBuildFile section */
		77CCCD10281E2B5300399FC4 /* SwiftUI_TCA_sampleApp.swift in Sources */ = {isa = PBXBuildFile; fileRef = 77CCCD0F281E2B5300399FC4 /* SwiftUI_TCA_sampleApp.swift */; };
		77CCCD12281E2B5300399FC4 /* ContentView.swift in Sources */ = {isa = PBXBuildFile; fileRef = 77CCCD11281E2B5300399FC4 /* ContentView.swift */; };
		77CCCD14281E2B5400399FC4 /* Assets.xcassets in Resources */ = {isa = PBXBuildFile; fileRef = 77CCCD13281E2B5400399FC4 /* Assets.xcassets */; };
		77CCCD17281E2B5400399FC4 /* Preview Assets.xcassets in Resources */ = {isa = PBXBuildFile; fileRef = 77CCCD16281E2B5400399FC4 /* Preview Assets.xcassets */; };
		77CCCD1F281E2CDB00399FC4 /* ComposableArchitecture in Frameworks */ = {isa = PBXBuildFile; productRef = 77CCCD1E281E2CDB00399FC4 /* ComposableArchitecture */; };
		77CCCD29281E9C5C00399FC4 /* SwiftUI_TCA_sampleTests.swift in Sources */ = {isa = PBXBuildFile; fileRef = 77CCCD28281E9C5C00399FC4 /* SwiftUI_TCA_sampleTests.swift */; };
		77CCCD30281E9C6D00399FC4 /* TodosTests.swift in Sources */ = {isa = PBXBuildFile; fileRef = 77CCCD2F281E9C6D00399FC4 /* TodosTests.swift */; };
/* End PBXBuildFile section */

/* Begin PBXContainerItemProxy section */
		77CCCD2A281E9C5C00399FC4 /* PBXContainerItemProxy */ = {
			isa = PBXContainerItemProxy;
			containerPortal = 77CCCD04281E2B5300399FC4 /* Project object */;
			proxyType = 1;
			remoteGlobalIDString = 77CCCD0B281E2B5300399FC4;
			remoteInfo = "SwiftUI-TCA-sample";
		};
/* End PBXContainerItemProxy section */

/* Begin PBXFileReference section */
		77CCCD0C281E2B5300399FC4 /* SwiftUI-TCA-sample.app */ = {isa = PBXFileReference; explicitFileType = wrapper.application; includeInIndex = 0; path = "SwiftUI-TCA-sample.app"; sourceTree = BUILT_PRODUCTS_DIR; };
		77CCCD0F281E2B5300399FC4 /* SwiftUI_TCA_sampleApp.swift */ = {isa = PBXFileReference; lastKnownFileType = sourcecode.swift; path = SwiftUI_TCA_sampleApp.swift; sourceTree = "<group>"; };
		77CCCD11281E2B5300399FC4 /* ContentView.swift */ = {isa = PBXFileReference; lastKnownFileType = sourcecode.swift; path = ContentView.swift; sourceTree = "<group>"; };
		77CCCD13281E2B5400399FC4 /* Assets.xcassets */ = {isa = PBXFileReference; lastKnownFileType = folder.assetcatalog; path = Assets.xcassets; sourceTree = "<group>"; };
		77CCCD16281E2B5400399FC4 /* Preview Assets.xcassets */ = {isa = PBXFileReference; lastKnownFileType = folder.assetcatalog; path = "Preview Assets.xcassets"; sourceTree = "<group>"; };
		77CCCD26281E9C5C00399FC4 /* SwiftUI-TCA-sampleTests.xctest */ = {isa = PBXFileReference; explicitFileType = wrapper.cfbundle; includeInIndex = 0; path = "SwiftUI-TCA-sampleTests.xctest"; sourceTree = BUILT_PRODUCTS_DIR; };
		77CCCD28281E9C5C00399FC4 /* SwiftUI_TCA_sampleTests.swift */ = {isa = PBXFileReference; lastKnownFileType = sourcecode.swift; path = SwiftUI_TCA_sampleTests.swift; sourceTree = "<group>"; };
		77CCCD2F281E9C6D00399FC4 /* TodosTests.swift */ = {isa = PBXFileReference; lastKnownFileType = sourcecode.swift; path = TodosTests.swift; sourceTree = "<group>"; };
/* End PBXFileReference section */

/* Begin PBXFrameworksBuildPhase section */
		77CCCD09281E2B5300399FC4 /* Frameworks */ = {
			isa = PBXFrameworksBuildPhase;
			buildActionMask = 2147483647;
			files = (
				77CCCD1F281E2CDB00399FC4 /* ComposableArchitecture in Frameworks */,
			);
			runOnlyForDeploymentPostprocessing = 0;
		};
		77CCCD23281E9C5C00399FC4 /* Frameworks */ = {
			isa = PBXFrameworksBuildPhase;
			buildActionMask = 2147483647;
			files = (
			);
			runOnlyForDeploymentPostprocessing = 0;
		};
/* End PBXFrameworksBuildPhase section */

/* Begin PBXGroup section */
		77CCCD03281E2B5300399FC4 = {
			isa = PBXGroup;
			children = (
				77CCCD0E281E2B5300399FC4 /* SwiftUI-TCA-sample */,
				77CCCD27281E9C5C00399FC4 /* SwiftUI-TCA-sampleTests */,
				77CCCD0D281E2B5300399FC4 /* Products */,
			);
			sourceTree = "<group>";
		};
		77CCCD0D281E2B5300399FC4 /* Products */ = {
			isa = PBXGroup;
			children = (
				77CCCD0C281E2B5300399FC4 /* SwiftUI-TCA-sample.app */,
				77CCCD26281E9C5C00399FC4 /* SwiftUI-TCA-sampleTests.xctest */,
			);
			name = Products;
			sourceTree = "<group>";
		};
		77CCCD0E281E2B5300399FC4 /* SwiftUI-TCA-sample */ = {
			isa = PBXGroup;
			children = (
				77CCCD0F281E2B5300399FC4 /* SwiftUI_TCA_sampleApp.swift */,
				77CCCD11281E2B5300399FC4 /* ContentView.swift */,
				77CCCD13281E2B5400399FC4 /* Assets.xcassets */,
				77CCCD15281E2B5400399FC4 /* Preview Content */,
			);
			path = "SwiftUI-TCA-sample";
			sourceTree = "<group>";
		};
		77CCCD15281E2B5400399FC4 /* Preview Content */ = {
			isa = PBXGroup;
			children = (
				77CCCD16281E2B5400399FC4 /* Preview Assets.xcassets */,
			);
			path = "Preview Content";
			sourceTree = "<group>";
		};
		77CCCD27281E9C5C00399FC4 /* SwiftUI-TCA-sampleTests */ = {
			isa = PBXGroup;
			children = (
				77CCCD28281E9C5C00399FC4 /* SwiftUI_TCA_sampleTests.swift */,
				77CCCD2F281E9C6D00399FC4 /* TodosTests.swift */,
			);
			path = "SwiftUI-TCA-sampleTests";
			sourceTree = "<group>";
		};
/* End PBXGroup section */

/* Begin PBXNativeTarget section */
		77CCCD0B281E2B5300399FC4 /* SwiftUI-TCA-sample */ = {
			isa = PBXNativeTarget;
			buildConfigurationList = 77CCCD1A281E2B5400399FC4 /* Build configuration list for PBXNativeTarget "SwiftUI-TCA-sample" */;
			buildPhases = (
				77CCCD08281E2B5300399FC4 /* Sources */,
				77CCCD09281E2B5300399FC4 /* Frameworks */,
				77CCCD0A281E2B5300399FC4 /* Resources */,
			);
			buildRules = (
			);
			dependencies = (
			);
			name = "SwiftUI-TCA-sample";
			packageProductDependencies = (
				77CCCD1E281E2CDB00399FC4 /* ComposableArchitecture */,
			);
			productName = "SwiftUI-TCA-sample";
			productReference = 77CCCD0C281E2B5300399FC4 /* SwiftUI-TCA-sample.app */;
			productType = "com.apple.product-type.application";
		};
		77CCCD25281E9C5C00399FC4 /* SwiftUI-TCA-sampleTests */ = {
			isa = PBXNativeTarget;
			buildConfigurationList = 77CCCD2C281E9C5C00399FC4 /* Build configuration list for PBXNativeTarget "SwiftUI-TCA-sampleTests" */;
			buildPhases = (
				77CCCD22281E9C5C00399FC4 /* Sources */,
				77CCCD23281E9C5C00399FC4 /* Frameworks */,
				77CCCD24281E9C5C00399FC4 /* Resources */,
			);
			buildRules = (
			);
			dependencies = (
				77CCCD2B281E9C5C00399FC4 /* PBXTargetDependency */,
			);
			name = "SwiftUI-TCA-sampleTests";
			productName = "SwiftUI-TCA-sampleTests";
			productReference = 77CCCD26281E9C5C00399FC4 /* SwiftUI-TCA-sampleTests.xctest */;
			productType = "com.apple.product-type.bundle.unit-test";
		};
/* End PBXNativeTarget section */

/* Begin PBXProject section */
		77CCCD04281E2B5300399FC4 /* Project object */ = {
			isa = PBXProject;
			attributes = {
				BuildIndependentTargetsInParallel = 1;
				LastSwiftUpdateCheck = 1330;
				LastUpgradeCheck = 1330;
				TargetAttributes = {
					77CCCD0B281E2B5300399FC4 = {
						CreatedOnToolsVersion = 13.3.1;
					};
					77CCCD25281E9C5C00399FC4 = {
						CreatedOnToolsVersion = 13.3.1;
						TestTargetID = 77CCCD0B281E2B5300399FC4;
					};
				};
			};
			buildConfigurationList = 77CCCD07281E2B5300399FC4 /* Build configuration list for PBXProject "SwiftUI-TCA-sample" */;
			compatibilityVersion = "Xcode 13.0";
			developmentRegion = en;
			hasScannedForEncodings = 0;
			knownRegions = (
				en,
				Base,
			);
			mainGroup = 77CCCD03281E2B5300399FC4;
			packageReferences = (
				77CCCD1D281E2CDB00399FC4 /* XCRemoteSwiftPackageReference "swift-composable-architecture" */,
			);
			productRefGroup = 77CCCD0D281E2B5300399FC4 /* Products */;
			projectDirPath = "";
			projectRoot = "";
			targets = (
				77CCCD0B281E2B5300399FC4 /* SwiftUI-TCA-sample */,
				77CCCD25281E9C5C00399FC4 /* SwiftUI-TCA-sampleTests */,
			);
		};
/* End PBXProject section */

/* Begin PBXResourcesBuildPhase section */
		77CCCD0A281E2B5300399FC4 /* Resources */ = {
			isa = PBXResourcesBuildPhase;
			buildActionMask = 2147483647;
			files = (
				77CCCD17281E2B5400399FC4 /* Preview Assets.xcassets in Resources */,
				77CCCD14281E2B5400399FC4 /* Assets.xcassets in Resources */,
			);
			runOnlyForDeploymentPostprocessing = 0;
		};
		77CCCD24281E9C5C00399FC4 /* Resources */ = {
			isa = PBXResourcesBuildPhase;
			buildActionMask = 2147483647;
			files = (
			);
			runOnlyForDeploymentPostprocessing = 0;
		};
/* End PBXResourcesBuildPhase section */

/* Begin PBXSourcesBuildPhase section */
		77CCCD08281E2B5300399FC4 /* Sources */ = {
			isa = PBXSourcesBuildPhase;
			buildActionMask = 2147483647;
			files = (
				77CCCD12281E2B5300399FC4 /* ContentView.swift in Sources */,
				77CCCD10281E2B5300399FC4 /* SwiftUI_TCA_sampleApp.swift in Sources */,
			);
			runOnlyForDeploymentPostprocessing = 0;
		};
		77CCCD22281E9C5C00399FC4 /* Sources */ = {
			isa = PBXSourcesBuildPhase;
			buildActionMask = 2147483647;
			files = (
				77CCCD29281E9C5C00399FC4 /* SwiftUI_TCA_sampleTests.swift in Sources */,
				77CCCD30281E9C6D00399FC4 /* TodosTests.swift in Sources */,
			);
			runOnlyForDeploymentPostprocessing = 0;
		};
/* End PBXSourcesBuildPhase section */

/* Begin PBXTargetDependency section */
		77CCCD2B281E9C5C00399FC4 /* PBXTargetDependency */ = {
			isa = PBXTargetDependency;
			target = 77CCCD0B281E2B5300399FC4 /* SwiftUI-TCA-sample */;
			targetProxy = 77CCCD2A281E9C5C00399FC4 /* PBXContainerItemProxy */;
		};
/* End PBXTargetDependency section */

/* Begin XCBuildConfiguration section */
		77CCCD18281E2B5400399FC4 /* Debug */ = {
			isa = XCBuildConfiguration;
			buildSettings = {
				ALWAYS_SEARCH_USER_PATHS = NO;
				CLANG_ANALYZER_NONNULL = YES;
				CLANG_ANALYZER_NUMBER_OBJECT_CONVERSION = YES_AGGRESSIVE;
				CLANG_CXX_LANGUAGE_STANDARD = "gnu++17";
				CLANG_ENABLE_MODULES = YES;
				CLANG_ENABLE_OBJC_ARC = YES;
				CLANG_ENABLE_OBJC_WEAK = YES;
				CLANG_WARN_BLOCK_CAPTURE_AUTORELEASING = YES;
				CLANG_WARN_BOOL_CONVERSION = YES;
				CLANG_WARN_COMMA = YES;
				CLANG_WARN_CONSTANT_CONVERSION = YES;
				CLANG_WARN_DEPRECATED_OBJC_IMPLEMENTATIONS = YES;
				CLANG_WARN_DIRECT_OBJC_ISA_USAGE = YES_ERROR;
				CLANG_WARN_DOCUMENTATION_COMMENTS = YES;
				CLANG_WARN_EMPTY_BODY = YES;
				CLANG_WARN_ENUM_CONVERSION = YES;
				CLANG_WARN_INFINITE_RECURSION = YES;
				CLANG_WARN_INT_CONVERSION = YES;
				CLANG_WARN_NON_LITERAL_NULL_CONVERSION = YES;
				CLANG_WARN_OBJC_IMPLICIT_RETAIN_SELF = YES;
				CLANG_WARN_OBJC_LITERAL_CONVERSION = YES;
				CLANG_WARN_OBJC_ROOT_CLASS = YES_ERROR;
				CLANG_WARN_QUOTED_INCLUDE_IN_FRAMEWORK_HEADER = YES;
				CLANG_WARN_RANGE_LOOP_ANALYSIS = YES;
				CLANG_WARN_STRICT_PROTOTYPES = YES;
				CLANG_WARN_SUSPICIOUS_MOVE = YES;
				CLANG_WARN_UNGUARDED_AVAILABILITY = YES_AGGRESSIVE;
				CLANG_WARN_UNREACHABLE_CODE = YES;
				CLANG_WARN__DUPLICATE_METHOD_MATCH = YES;
				COPY_PHASE_STRIP = NO;
				DEBUG_INFORMATION_FORMAT = dwarf;
				ENABLE_STRICT_OBJC_MSGSEND = YES;
				ENABLE_TESTABILITY = YES;
				GCC_C_LANGUAGE_STANDARD = gnu11;
				GCC_DYNAMIC_NO_PIC = NO;
				GCC_NO_COMMON_BLOCKS = YES;
				GCC_OPTIMIZATION_LEVEL = 0;
				GCC_PREPROCESSOR_DEFINITIONS = (
					"DEBUG=1",
					"$(inherited)",
				);
				GCC_WARN_64_TO_32_BIT_CONVERSION = YES;
				GCC_WARN_ABOUT_RETURN_TYPE = YES_ERROR;
				GCC_WARN_UNDECLARED_SELECTOR = YES;
				GCC_WARN_UNINITIALIZED_AUTOS = YES_AGGRESSIVE;
				GCC_WARN_UNUSED_FUNCTION = YES;
				GCC_WARN_UNUSED_VARIABLE = YES;
				IPHONEOS_DEPLOYMENT_TARGET = 15.4;
				MTL_ENABLE_DEBUG_INFO = INCLUDE_SOURCE;
				MTL_FAST_MATH = YES;
				ONLY_ACTIVE_ARCH = YES;
				SDKROOT = iphoneos;
				SWIFT_ACTIVE_COMPILATION_CONDITIONS = DEBUG;
				SWIFT_OPTIMIZATION_LEVEL = "-Onone";
			};
			name = Debug;
		};
		77CCCD19281E2B5400399FC4 /* Release */ = {
			isa = XCBuildConfiguration;
			buildSettings = {
				ALWAYS_SEARCH_USER_PATHS = NO;
				CLANG_ANALYZER_NONNULL = YES;
				CLANG_ANALYZER_NUMBER_OBJECT_CONVERSION = YES_AGGRESSIVE;
				CLANG_CXX_LANGUAGE_STANDARD = "gnu++17";
				CLANG_ENABLE_MODULES = YES;
				CLANG_ENABLE_OBJC_ARC = YES;
				CLANG_ENABLE_OBJC_WEAK = YES;
				CLANG_WARN_BLOCK_CAPTURE_AUTORELEASING = YES;
				CLANG_WARN_BOOL_CONVERSION = YES;
				CLANG_WARN_COMMA = YES;
				CLANG_WARN_CONSTANT_CONVERSION = YES;
				CLANG_WARN_DEPRECATED_OBJC_IMPLEMENTATIONS = YES;
				CLANG_WARN_DIRECT_OBJC_ISA_USAGE = YES_ERROR;
				CLANG_WARN_DOCUMENTATION_COMMENTS = YES;
				CLANG_WARN_EMPTY_BODY = YES;
				CLANG_WARN_ENUM_CONVERSION = YES;
				CLANG_WARN_INFINITE_RECURSION = YES;
				CLANG_WARN_INT_CONVERSION = YES;
				CLANG_WARN_NON_LITERAL_NULL_CONVERSION = YES;
				CLANG_WARN_OBJC_IMPLICIT_RETAIN_SELF = YES;
				CLANG_WARN_OBJC_LITERAL_CONVERSION = YES;
				CLANG_WARN_OBJC_ROOT_CLASS = YES_ERROR;
				CLANG_WARN_QUOTED_INCLUDE_IN_FRAMEWORK_HEADER = YES;
				CLANG_WARN_RANGE_LOOP_ANALYSIS = YES;
				CLANG_WARN_STRICT_PROTOTYPES = YES;
				CLANG_WARN_SUSPICIOUS_MOVE = YES;
				CLANG_WARN_UNGUARDED_AVAILABILITY = YES_AGGRESSIVE;
				CLANG_WARN_UNREACHABLE_CODE = YES;
				CLANG_WARN__DUPLICATE_METHOD_MATCH = YES;
				COPY_PHASE_STRIP = NO;
				DEBUG_INFORMATION_FORMAT = "dwarf-with-dsym";
				ENABLE_NS_ASSERTIONS = NO;
				ENABLE_STRICT_OBJC_MSGSEND = YES;
				GCC_C_LANGUAGE_STANDARD = gnu11;
				GCC_NO_COMMON_BLOCKS = YES;
				GCC_WARN_64_TO_32_BIT_CONVERSION = YES;
				GCC_WARN_ABOUT_RETURN_TYPE = YES_ERROR;
				GCC_WARN_UNDECLARED_SELECTOR = YES;
				GCC_WARN_UNINITIALIZED_AUTOS = YES_AGGRESSIVE;
				GCC_WARN_UNUSED_FUNCTION = YES;
				GCC_WARN_UNUSED_VARIABLE = YES;
				IPHONEOS_DEPLOYMENT_TARGET = 15.4;
				MTL_ENABLE_DEBUG_INFO = NO;
				MTL_FAST_MATH = YES;
				SDKROOT = iphoneos;
				SWIFT_COMPILATION_MODE = wholemodule;
				SWIFT_OPTIMIZATION_LEVEL = "-O";
				VALIDATE_PRODUCT = YES;
			};
			name = Release;
		};
		77CCCD1B281E2B5400399FC4 /* Debug */ = {
			isa = XCBuildConfiguration;
			buildSettings = {
				ASSETCATALOG_COMPILER_APPICON_NAME = AppIcon;
				ASSETCATALOG_COMPILER_GLOBAL_ACCENT_COLOR_NAME = AccentColor;
				CODE_SIGN_STYLE = Automatic;
				CURRENT_PROJECT_VERSION = 1;
				DEVELOPMENT_ASSET_PATHS = "\"SwiftUI-TCA-sample/Preview Content\"";
				ENABLE_PREVIEWS = YES;
				GENERATE_INFOPLIST_FILE = YES;
				INFOPLIST_KEY_UIApplicationSceneManifest_Generation = YES;
				INFOPLIST_KEY_UIApplicationSupportsIndirectInputEvents = YES;
				INFOPLIST_KEY_UILaunchScreen_Generation = YES;
				INFOPLIST_KEY_UISupportedInterfaceOrientations_iPad = "UIInterfaceOrientationPortrait UIInterfaceOrientationPortraitUpsideDown UIInterfaceOrientationLandscapeLeft UIInterfaceOrientationLandscapeRight";
				INFOPLIST_KEY_UISupportedInterfaceOrientations_iPhone = "UIInterfaceOrientationPortrait UIInterfaceOrientationLandscapeLeft UIInterfaceOrientationLandscapeRight";
				LD_RUNPATH_SEARCH_PATHS = (
					"$(inherited)",
					"@executable_path/Frameworks",
				);
				MARKETING_VERSION = 1.0;
				PRODUCT_BUNDLE_IDENTIFIER = "com.yamshta.SwiftUI-TCA-sample";
				PRODUCT_NAME = "$(TARGET_NAME)";
				SWIFT_EMIT_LOC_STRINGS = YES;
				SWIFT_VERSION = 5.0;
				TARGETED_DEVICE_FAMILY = "1,2";
			};
			name = Debug;
		};
		77CCCD1C281E2B5400399FC4 /* Release */ = {
			isa = XCBuildConfiguration;
			buildSettings = {
				ASSETCATALOG_COMPILER_APPICON_NAME = AppIcon;
				ASSETCATALOG_COMPILER_GLOBAL_ACCENT_COLOR_NAME = AccentColor;
				CODE_SIGN_STYLE = Automatic;
				CURRENT_PROJECT_VERSION = 1;
				DEVELOPMENT_ASSET_PATHS = "\"SwiftUI-TCA-sample/Preview Content\"";
				ENABLE_PREVIEWS = YES;
				GENERATE_INFOPLIST_FILE = YES;
				INFOPLIST_KEY_UIApplicationSceneManifest_Generation = YES;
				INFOPLIST_KEY_UIApplicationSupportsIndirectInputEvents = YES;
				INFOPLIST_KEY_UILaunchScreen_Generation = YES;
				INFOPLIST_KEY_UISupportedInterfaceOrientations_iPad = "UIInterfaceOrientationPortrait UIInterfaceOrientationPortraitUpsideDown UIInterfaceOrientationLandscapeLeft UIInterfaceOrientationLandscapeRight";
				INFOPLIST_KEY_UISupportedInterfaceOrientations_iPhone = "UIInterfaceOrientationPortrait UIInterfaceOrientationLandscapeLeft UIInterfaceOrientationLandscapeRight";
				LD_RUNPATH_SEARCH_PATHS = (
					"$(inherited)",
					"@executable_path/Frameworks",
				);
				MARKETING_VERSION = 1.0;
				PRODUCT_BUNDLE_IDENTIFIER = "com.yamshta.SwiftUI-TCA-sample";
				PRODUCT_NAME = "$(TARGET_NAME)";
				SWIFT_EMIT_LOC_STRINGS = YES;
				SWIFT_VERSION = 5.0;
				TARGETED_DEVICE_FAMILY = "1,2";
			};
			name = Release;
		};
		77CCCD2D281E9C5C00399FC4 /* Debug */ = {
			isa = XCBuildConfiguration;
			buildSettings = {
				BUNDLE_LOADER = "$(TEST_HOST)";
				CODE_SIGN_STYLE = Automatic;
				CURRENT_PROJECT_VERSION = 1;
				GENERATE_INFOPLIST_FILE = YES;
				MARKETING_VERSION = 1.0;
				PRODUCT_BUNDLE_IDENTIFIER = "com.yamshta.SwiftUI-TCA-sampleTests";
				PRODUCT_NAME = "$(TARGET_NAME)";
				SWIFT_EMIT_LOC_STRINGS = NO;
				SWIFT_VERSION = 5.0;
				TARGETED_DEVICE_FAMILY = "1,2";
				TEST_HOST = "$(BUILT_PRODUCTS_DIR)/SwiftUI-TCA-sample.app/SwiftUI-TCA-sample";
			};
			name = Debug;
		};
		77CCCD2E281E9C5C00399FC4 /* Release */ = {
			isa = XCBuildConfiguration;
			buildSettings = {
				BUNDLE_LOADER = "$(TEST_HOST)";
				CODE_SIGN_STYLE = Automatic;
				CURRENT_PROJECT_VERSION = 1;
				GENERATE_INFOPLIST_FILE = YES;
				MARKETING_VERSION = 1.0;
				PRODUCT_BUNDLE_IDENTIFIER = "com.yamshta.SwiftUI-TCA-sampleTests";
				PRODUCT_NAME = "$(TARGET_NAME)";
				SWIFT_EMIT_LOC_STRINGS = NO;
				SWIFT_VERSION = 5.0;
				TARGETED_DEVICE_FAMILY = "1,2";
				TEST_HOST = "$(BUILT_PRODUCTS_DIR)/SwiftUI-TCA-sample.app/SwiftUI-TCA-sample";
			};
			name = Release;
		};
/* End XCBuildConfiguration section */

/* Begin XCConfigurationList section */
		77CCCD07281E2B5300399FC4 /* Build configuration list for PBXProject "SwiftUI-TCA-sample" */ = {
			isa = XCConfigurationList;
			buildConfigurations = (
				77CCCD18281E2B5400399FC4 /* Debug */,
				77CCCD19281E2B5400399FC4 /* Release */,
			);
			defaultConfigurationIsVisible = 0;
			defaultConfigurationName = Release;
		};
		77CCCD1A281E2B5400399FC4 /* Build configuration list for PBXNativeTarget "SwiftUI-TCA-sample" */ = {
			isa = XCConfigurationList;
			buildConfigurations = (
				77CCCD1B281E2B5400399FC4 /* Debug */,
				77CCCD1C281E2B5400399FC4 /* Release */,
			);
			defaultConfigurationIsVisible = 0;
			defaultConfigurationName = Release;
		};
		77CCCD2C281E9C5C00399FC4 /* Build configuration list for PBXNativeTarget "SwiftUI-TCA-sampleTests" */ = {
			isa = XCConfigurationList;
			buildConfigurations = (
				77CCCD2D281E9C5C00399FC4 /* Debug */,
				77CCCD2E281E9C5C00399FC4 /* Release */,
			);
			defaultConfigurationIsVisible = 0;
			defaultConfigurationName = Release;
		};
/* End XCConfigurationList section */

/* Begin XCRemoteSwiftPackageReference section */
		77CCCD1D281E2CDB00399FC4 /* XCRemoteSwiftPackageReference "swift-composable-architecture" */ = {
			isa = XCRemoteSwiftPackageReference;
			repositoryURL = "https://github.com/pointfreeco/swift-composable-architecture";
			requirement = {
				branch = main;
				kind = branch;
			};
		};
/* End XCRemoteSwiftPackageReference section */

/* Begin XCSwiftPackageProductDependency section */
		77CCCD1E281E2CDB00399FC4 /* ComposableArchitecture */ = {
			isa = XCSwiftPackageProductDependency;
			package = 77CCCD1D281E2CDB00399FC4 /* XCRemoteSwiftPackageReference "swift-composable-architecture" */;
			productName = ComposableArchitecture;
		};
/* End XCSwiftPackageProductDependency section */
	};
	rootObject = 77CCCD04281E2B5300399FC4 /* Project object */;
}
